
Microsoft Visual Studio Solution File, Format Version 12.00
# Visual Studio Version 17
VisualStudioVersion = 17.0.32112.339
MinimumVisualStudioVersion = 10.0.40219.1
Project("{FAE04EC0-301F-11D3-BF4B-00C04F79EFBC}") = "CapaPresentacion", "CapaPresentacion\CapaPresentacion.csproj", "{826B509C-F0FB-4942-BE39-269B47A78351}"
EndProject
Project("{FAE04EC0-301F-11D3-BF4B-00C04F79EFBC}") = "CapaNegocio", "CapaNegocio\CapaNegocio.csproj", "{8EB7D204-2CF7-4ECD-A5C5-DAAFFE1CA85B}"
EndProject
Project("{FAE04EC0-301F-11D3-BF4B-00C04F79EFBC}") = "CapaDatos", "CapaDatos\CapaDatos.csproj", "{760F34BE-C4D4-4788-B8E4-8E3FEB284E31}"
EndProject
Project("{FAE04EC0-301F-11D3-BF4B-00C04F79EFBC}") = "Entidades", "Entidades\Entidades.csproj", "{96D24679-F093-498F-85B3-9D99044D2870}"
EndProject
Project("{FAE04EC0-301F-11D3-BF4B-00C04F79EFBC}") = "utilidades", "utilidades\utilidades.csproj", "{699641E6-DA50-4467-B2BC-9603A3AEC29E}"
EndProject
Global
	GlobalSection(SolutionConfigurationPlatforms) = preSolution
		Debug|Any CPU = Debug|Any CPU
		Release|Any CPU = Release|Any CPU
	EndGlobalSection
	GlobalSection(ProjectConfigurationPlatforms) = postSolution
		{826B509C-F0FB-4942-BE39-269B47A78351}.Debug|Any CPU.ActiveCfg = Debug|Any CPU
		{826B509C-F0FB-4942-BE39-269B47A78351}.Debug|Any CPU.Build.0 = Debug|Any CPU
		{826B509C-F0FB-4942-BE39-269B47A78351}.Release|Any CPU.ActiveCfg = Release|Any CPU
		{826B509C-F0FB-4942-BE39-269B47A78351}.Release|Any CPU.Build.0 = Release|Any CPU
		{8EB7D204-2CF7-4ECD-A5C5-DAAFFE1CA85B}.Debug|Any CPU.ActiveCfg = Debug|Any CPU
		{8EB7D204-2CF7-4ECD-A5C5-DAAFFE1CA85B}.Debug|Any CPU.Build.0 = Debug|Any CPU
		{8EB7D204-2CF7-4ECD-A5C5-DAAFFE1CA85B}.Release|Any CPU.ActiveCfg = Release|Any CPU
		{8EB7D204-2CF7-4ECD-A5C5-DAAFFE1CA85B}.Release|Any CPU.Build.0 = Release|Any CPU
		{760F34BE-C4D4-4788-B8E4-8E3FEB284E31}.Debug|Any CPU.ActiveCfg = Debug|Any CPU
		{760F34BE-C4D4-4788-B8E4-8E3FEB284E31}.Debug|Any CPU.Build.0 = Debug|Any CPU
		{760F34BE-C4D4-4788-B8E4-8E3FEB284E31}.Release|Any CPU.ActiveCfg = Release|Any CPU
		{760F34BE-C4D4-4788-B8E4-8E3FEB284E31}.Release|Any CPU.Build.0 = Release|Any CPU
		{96D24679-F093-498F-85B3-9D99044D2870}.Debug|Any CPU.ActiveCfg = Debug|Any CPU
		{96D24679-F093-498F-85B3-9D99044D2870}.Debug|Any CPU.Build.0 = Debug|Any CPU
		{96D24679-F093-498F-85B3-9D99044D2870}.Release|Any CPU.ActiveCfg = Release|Any CPU
		{96D24679-F093-498F-85B3-9D99044D2870}.Release|Any CPU.Build.0 = Release|Any CPU
		{699641E6-DA50-4467-B2BC-9603A3AEC29E}.Debug|Any CPU.ActiveCfg = Debug|Any CPU
		{699641E6-DA50-4467-B2BC-9603A3AEC29E}.Debug|Any CPU.Build.0 = Debug|Any CPU
		{699641E6-DA50-4467-B2BC-9603A3AEC29E}.Release|Any CPU.ActiveCfg = Release|Any CPU
		{699641E6-DA50-4467-B2BC-9603A3AEC29E}.Release|Any CPU.Build.0 = Release|Any CPU
	EndGlobalSection
	GlobalSection(SolutionProperties) = preSolution
		HideSolutionNode = FALSE
	EndGlobalSection
	GlobalSection(ExtensibilityGlobals) = postSolution
		SolutionGuid = {B27698F6-930D-4AF3-AACA-35B97FBEC6AE}
	EndGlobalSection
EndGlobal
