
Microsoft Visual Studio Solution File, Format Version 12.00
# Visual Studio Version 17
VisualStudioVersion = 17.0.32112.339
MinimumVisualStudioVersion = 10.0.40219.1
Project("{FAE04EC0-301F-11D3-BF4B-00C04F79EFBC}") = "CapaPresentacion", "CapaPresentacion\CapaPresentacion.csproj", "{05B38147-2A20-46C7-A4AC-4E488CA5697D}"
EndProject
Project("{FAE04EC0-301F-11D3-BF4B-00C04F79EFBC}") = "CapaNegocio", "CapaNegocio\CapaNegocio.csproj", "{E54FB638-623C-4EA5-A682-2C50194C0A9F}"
EndProject
Project("{FAE04EC0-301F-11D3-BF4B-00C04F79EFBC}") = "CapaDatos", "CapaDatos\CapaDatos.csproj", "{35426C6D-F458-4C4C-B362-BC8744167526}"
EndProject
Project("{FAE04EC0-301F-11D3-BF4B-00C04F79EFBC}") = "Entidades", "Entidades\Entidades.csproj", "{8D83BA5B-E51A-44C2-83DA-7DDB258E18AA}"
EndProject
Project("{FAE04EC0-301F-11D3-BF4B-00C04F79EFBC}") = "Utilidades", "Utilidades\Utilidades.csproj", "{48A899A5-658F-40A9-9550-DED32CE99261}"
EndProject
Global
	GlobalSection(SolutionConfigurationPlatforms) = preSolution
		Debug|Any CPU = Debug|Any CPU
		Release|Any CPU = Release|Any CPU
	EndGlobalSection
	GlobalSection(ProjectConfigurationPlatforms) = postSolution
		{05B38147-2A20-46C7-A4AC-4E488CA5697D}.Debug|Any CPU.ActiveCfg = Debug|Any CPU
		{05B38147-2A20-46C7-A4AC-4E488CA5697D}.Debug|Any CPU.Build.0 = Debug|Any CPU
		{05B38147-2A20-46C7-A4AC-4E488CA5697D}.Release|Any CPU.ActiveCfg = Release|Any CPU
		{05B38147-2A20-46C7-A4AC-4E488CA5697D}.Release|Any CPU.Build.0 = Release|Any CPU
		{E54FB638-623C-4EA5-A682-2C50194C0A9F}.Debug|Any CPU.ActiveCfg = Debug|Any CPU
		{E54FB638-623C-4EA5-A682-2C50194C0A9F}.Debug|Any CPU.Build.0 = Debug|Any CPU
		{E54FB638-623C-4EA5-A682-2C50194C0A9F}.Release|Any CPU.ActiveCfg = Release|Any CPU
		{E54FB638-623C-4EA5-A682-2C50194C0A9F}.Release|Any CPU.Build.0 = Release|Any CPU
		{35426C6D-F458-4C4C-B362-BC8744167526}.Debug|Any CPU.ActiveCfg = Debug|Any CPU
		{35426C6D-F458-4C4C-B362-BC8744167526}.Debug|Any CPU.Build.0 = Debug|Any CPU
		{35426C6D-F458-4C4C-B362-BC8744167526}.Release|Any CPU.ActiveCfg = Release|Any CPU
		{35426C6D-F458-4C4C-B362-BC8744167526}.Release|Any CPU.Build.0 = Release|Any CPU
		{8D83BA5B-E51A-44C2-83DA-7DDB258E18AA}.Debug|Any CPU.ActiveCfg = Debug|Any CPU
		{8D83BA5B-E51A-44C2-83DA-7DDB258E18AA}.Debug|Any CPU.Build.0 = Debug|Any CPU
		{8D83BA5B-E51A-44C2-83DA-7DDB258E18AA}.Release|Any CPU.ActiveCfg = Release|Any CPU
		{8D83BA5B-E51A-44C2-83DA-7DDB258E18AA}.Release|Any CPU.Build.0 = Release|Any CPU
		{48A899A5-658F-40A9-9550-DED32CE99261}.Debug|Any CPU.ActiveCfg = Debug|Any CPU
		{48A899A5-658F-40A9-9550-DED32CE99261}.Debug|Any CPU.Build.0 = Debug|Any CPU
		{48A899A5-658F-40A9-9550-DED32CE99261}.Release|Any CPU.ActiveCfg = Release|Any CPU
		{48A899A5-658F-40A9-9550-DED32CE99261}.Release|Any CPU.Build.0 = Release|Any CPU
	EndGlobalSection
	GlobalSection(SolutionProperties) = preSolution
		HideSolutionNode = FALSE
	EndGlobalSection
	GlobalSection(ExtensibilityGlobals) = postSolution
		SolutionGuid = {68CA405B-979D-4FE3-9735-927FA78C1DB2}
	EndGlobalSection
EndGlobal
